
Microsoft Visual Studio Solution File, Format Version 10.00
# Visual Studio 2008
Project("{8BC9CEB8-8B4A-11D0-8D11-00A0C91BC942}") = "rvcommon", "rvcommon.vcproj", "{5DF1F74B-F743-48FC-ABB6-8848758BE09D}"
EndProject
Global
	GlobalSection(SolutionConfigurationPlatforms) = preSolution
		Debug|Win32 = Debug|Win32
		DebugDns|Win32 = DebugDns|Win32
		DebugIpv6DnsTls|Win32 = DebugIpv6DnsTls|Win32
		DebugTls|Win32 = DebugTls|Win32
		Release|Win32 = Release|Win32
		ReleaseDns|Win32 = ReleaseDns|Win32
		ReleaseTls|Win32 = ReleaseTls|Win32
	EndGlobalSection
	GlobalSection(ProjectConfigurationPlatforms) = postSolution
		{5DF1F74B-F743-48FC-ABB6-8848758BE09D}.Debug|Win32.ActiveCfg = Debug|Win32
		{5DF1F74B-F743-48FC-ABB6-8848758BE09D}.Debug|Win32.Build.0 = Debug|Win32
		{5DF1F74B-F743-48FC-ABB6-8848758BE09D}.DebugDns|Win32.ActiveCfg = DebugDns|Win32
		{5DF1F74B-F743-48FC-ABB6-8848758BE09D}.DebugDns|Win32.Build.0 = DebugDns|Win32
		{5DF1F74B-F743-48FC-ABB6-8848758BE09D}.DebugIpv6DnsTls|Win32.ActiveCfg = DebugIpv6DnsTls|Win32
		{5DF1F74B-F743-48FC-ABB6-8848758BE09D}.DebugIpv6DnsTls|Win32.Build.0 = DebugIpv6DnsTls|Win32
		{5DF1F74B-F743-48FC-ABB6-8848758BE09D}.DebugTls|Win32.ActiveCfg = DebugTls|Win32
		{5DF1F74B-F743-48FC-ABB6-8848758BE09D}.DebugTls|Win32.Build.0 = DebugTls|Win32
		{5DF1F74B-F743-48FC-ABB6-8848758BE09D}.Release|Win32.ActiveCfg = Release|Win32
		{5DF1F74B-F743-48FC-ABB6-8848758BE09D}.Release|Win32.Build.0 = Release|Win32
		{5DF1F74B-F743-48FC-ABB6-8848758BE09D}.ReleaseDns|Win32.ActiveCfg = ReleaseDns|Win32
		{5DF1F74B-F743-48FC-ABB6-8848758BE09D}.ReleaseDns|Win32.Build.0 = ReleaseDns|Win32
		{5DF1F74B-F743-48FC-ABB6-8848758BE09D}.ReleaseTls|Win32.ActiveCfg = ReleaseTls|Win32
		{5DF1F74B-F743-48FC-ABB6-8848758BE09D}.ReleaseTls|Win32.Build.0 = ReleaseTls|Win32
	EndGlobalSection
	GlobalSection(SolutionProperties) = preSolution
		HideSolutionNode = FALSE
	EndGlobalSection
EndGlobal
