<?xml version="1.0" encoding="utf-8"?>
<Project ToolsVersion="4.0" xmlns="http://schemas.microsoft.com/developer/msbuild/2003">
  <ItemGroup>
    <Filter Include="Source Files">
      <UniqueIdentifier>{9e256441-32cd-46f0-8525-b012f025581d}</UniqueIdentifier>
      <Extensions>cpp;c;cxx;rc;def;r;odl;idl;hpj;bat</Extensions>
    </Filter>
    <Filter Include="Header Files">
      <UniqueIdentifier>{b56940cf-523b-4ddc-a9b2-d0904ad0e329}</UniqueIdentifier>
      <Extensions>h;hpp;hxx;hm;inl</Extensions>
    </Filter>
    <Filter Include="Resource Files">
      <UniqueIdentifier>{b76eca05-fa57-4f4d-a393-f9e2a575fafc}</UniqueIdentifier>
      <Extensions>ico;cur;bmp;dlg;rc2;rct;bin;rgs;gif;jpg;jpeg;jpe</Extensions>
    </Filter>
  </ItemGroup>
  <ItemGroup>
    <ClCompile Include="RvRtspServer.c">
      <Filter>Source Files</Filter>
    </ClCompile>
    <ClCompile Include="RvRtspServerConnection.c">
      <Filter>Source Files</Filter>
    </ClCompile>
    <ClCompile Include="RvRtspServerSession.c">
      <Filter>Source Files</Filter>
    </ClCompile>
  </ItemGroup>
  <ItemGroup>
    <ClInclude Include="resource.h">
      <Filter>Header Files</Filter>
    </ClInclude>
    <ClInclude Include="RtspServerConnectionInternal.h">
      <Filter>Header Files</Filter>
    </ClInclude>
    <ClInclude Include="RtspServerSession.h">
      <Filter>Header Files</Filter>
    </ClInclude>
    <ClInclude Include="RtspServerSessionInternal.h">
      <Filter>Header Files</Filter>
    </ClInclude>
    <ClInclude Include="RvRtspServer.h">
      <Filter>Header Files</Filter>
    </ClInclude>
    <ClInclude Include="RvRtspServerConnection.h">
      <Filter>Header Files</Filter>
    </ClInclude>
    <ClInclude Include="RvRtspServerInc.h">
      <Filter>Header Files</Filter>
    </ClInclude>
    <ClInclude Include="RvRtspServerSession.h">
      <Filter>Header Files</Filter>
    </ClInclude>
    <ClInclude Include="RvRtspServerTypes.h">
      <Filter>Header Files</Filter>
    </ClInclude>
    <ClInclude Include="rvrtspserverVersion.h">
      <Filter>Header Files</Filter>
    </ClInclude>
  </ItemGroup>
  <ItemGroup>
    <ResourceCompile Include="rvrtspserver.rc">
      <Filter>Resource Files</Filter>
    </ResourceCompile>
  </ItemGroup>
</Project>