
Microsoft Visual Studio Solution File, Format Version 10.00
# Visual Studio 2008
Project("{8BC9CEB8-8B4A-11D0-8D11-00A0C91BC942}") = "Onvif_DvrLink_DLL2.0", "Onvif_MediaUrl.vcproj", "{E3C355A0-2AC3-4B43-920E-E01A611B6246}"
EndProject
Global
	GlobalSection(SolutionConfigurationPlatforms) = preSolution
		Debug|Win32 = Debug|Win32
		Release|Win32 = Release|Win32
	EndGlobalSection
	GlobalSection(ProjectConfigurationPlatforms) = postSolution
		{E3C355A0-2AC3-4B43-920E-E01A611B6246}.Debug|Win32.ActiveCfg = Debug|Win32
		{E3C355A0-2AC3-4B43-920E-E01A611B6246}.Debug|Win32.Build.0 = Debug|Win32
		{E3C355A0-2AC3-4B43-920E-E01A611B6246}.Release|Win32.ActiveCfg = Release|Win32
		{E3C355A0-2AC3-4B43-920E-E01A611B6246}.Release|Win32.Build.0 = Release|Win32
	EndGlobalSection
	GlobalSection(SolutionProperties) = preSolution
		HideSolutionNode = FALSE
	EndGlobalSection
EndGlobal
