<?xml version="1.0" encoding="utf-8"?>
<Project ToolsVersion="4.0" xmlns="http://schemas.microsoft.com/developer/msbuild/2003">
  <ItemGroup>
    <Filter Include="Source Files">
      <UniqueIdentifier>{95072797-bf87-42ac-aab0-6c9c9ac9225a}</UniqueIdentifier>
      <Extensions>cpp;c;cxx;rc;def;r;odl;idl;hpj;bat</Extensions>
    </Filter>
    <Filter Include="Header Files">
      <UniqueIdentifier>{bce2a6f5-f422-47d9-8385-217fc4c245d2}</UniqueIdentifier>
      <Extensions>h;hpp;hxx;hm;inl</Extensions>
    </Filter>
    <Filter Include="Resource Files">
      <UniqueIdentifier>{16517e5e-2582-4ed2-a1fb-c3d2f8d2ef3f}</UniqueIdentifier>
      <Extensions>ico;cur;bmp;dlg;rc2;rct;bin;rgs;gif;jpg;jpeg;jpe</Extensions>
    </Filter>
  </ItemGroup>
  <ItemGroup>
    <ClCompile Include="RvRtspClient.c">
      <Filter>Source Files</Filter>
    </ClCompile>
    <ClCompile Include="RvRtspClientConnection.c">
      <Filter>Source Files</Filter>
    </ClCompile>
    <ClCompile Include="RvRtspClientSession.c">
      <Filter>Source Files</Filter>
    </ClCompile>
  </ItemGroup>
  <ItemGroup>
    <ResourceCompile Include="rvrtspclient.rc">
      <Filter>Source Files</Filter>
    </ResourceCompile>
  </ItemGroup>
  <ItemGroup>
    <ClInclude Include="resource.h">
      <Filter>Header Files</Filter>
    </ClInclude>
    <ClInclude Include="RtspClientConnectionInternal.h">
      <Filter>Header Files</Filter>
    </ClInclude>
    <ClInclude Include="RtspClientSessionInternal.h">
      <Filter>Header Files</Filter>
    </ClInclude>
    <ClInclude Include="RvRtspClient.h">
      <Filter>Header Files</Filter>
    </ClInclude>
    <ClInclude Include="RvRtspClientConnection.h">
      <Filter>Header Files</Filter>
    </ClInclude>
    <ClInclude Include="RvRtspClientInc.h">
      <Filter>Header Files</Filter>
    </ClInclude>
    <ClInclude Include="RvRtspClientSession.h">
      <Filter>Header Files</Filter>
    </ClInclude>
    <ClInclude Include="RvRtspClientTypes.h">
      <Filter>Header Files</Filter>
    </ClInclude>
  </ItemGroup>
</Project>