<?xml version="1.0" encoding="utf-8"?>
<Project ToolsVersion="4.0" xmlns="http://schemas.microsoft.com/developer/msbuild/2003">
  <ItemGroup>
    <Filter Include="源文件">
      <UniqueIdentifier>{4FC737F1-C7A5-4376-A066-2A32D752A2FF}</UniqueIdentifier>
      <Extensions>cpp;c;cc;cxx;def;odl;idl;hpj;bat;asm;asmx</Extensions>
    </Filter>
    <Filter Include="头文件">
      <UniqueIdentifier>{93995380-89BD-4b04-88EB-625FBE52EBFB}</UniqueIdentifier>
      <Extensions>h;hpp;hxx;hm;inl;inc;xsd</Extensions>
    </Filter>
    <Filter Include="资源文件">
      <UniqueIdentifier>{67DA6AB6-F800-4c08-8B7A-83BB121AAD01}</UniqueIdentifier>
      <Extensions>rc;ico;cur;bmp;dlg;rc2;rct;bin;rgs;gif;jpg;jpeg;jpe;resx;tiff;tif;png;wav</Extensions>
    </Filter>
  </ItemGroup>
  <ItemGroup>
    <ClCompile Include="RunInfoMgr.cpp">
      <Filter>源文件</Filter>
    </ClCompile>
    <ClCompile Include="xt_regist_client.cpp">
      <Filter>源文件</Filter>
    </ClCompile>
    <ClCompile Include="xt_session_sip.cpp">
      <Filter>源文件</Filter>
    </ClCompile>
    <ClCompile Include="XTChan.cpp">
      <Filter>源文件</Filter>
    </ClCompile>
    <ClCompile Include="XTMediaServer.cpp">
      <Filter>源文件</Filter>
    </ClCompile>
    <ClCompile Include="XTRtp.cpp">
      <Filter>源文件</Filter>
    </ClCompile>
    <ClCompile Include="XTSession.cpp">
      <Filter>源文件</Filter>
    </ClCompile>
    <ClCompile Include="XTSingleSrc.cpp">
      <Filter>源文件</Filter>
    </ClCompile>
    <ClCompile Include="XTSrc.cpp">
      <Filter>源文件</Filter>
    </ClCompile>
    <ClCompile Include="XTTcp.cpp">
      <Filter>源文件</Filter>
    </ClCompile>
  </ItemGroup>
  <ItemGroup>
    <ClInclude Include="common.h">
      <Filter>头文件</Filter>
    </ClInclude>
    <ClInclude Include="h_xtmediaserver.h">
      <Filter>头文件</Filter>
    </ClInclude>
    <ClInclude Include="resource.h">
      <Filter>头文件</Filter>
    </ClInclude>
    <ClInclude Include="RunInfoMgr.h">
      <Filter>头文件</Filter>
    </ClInclude>
    <ClInclude Include="xt_regist_client.h">
      <Filter>头文件</Filter>
    </ClInclude>
    <ClInclude Include="xt_session_sip.h">
      <Filter>头文件</Filter>
    </ClInclude>
    <ClInclude Include="XTChan.h">
      <Filter>头文件</Filter>
    </ClInclude>
    <ClInclude Include="XTRtp.h">
      <Filter>头文件</Filter>
    </ClInclude>
    <ClInclude Include="XTSession.h">
      <Filter>头文件</Filter>
    </ClInclude>
    <ClInclude Include="XTSingleSrc.h">
      <Filter>头文件</Filter>
    </ClInclude>
    <ClInclude Include="XTSrc.h">
      <Filter>头文件</Filter>
    </ClInclude>
    <ClInclude Include="XTTcp.h">
      <Filter>头文件</Filter>
    </ClInclude>
  </ItemGroup>
  <ItemGroup>
    <ResourceCompile Include="XTMediaServer.rc">
      <Filter>资源文件</Filter>
    </ResourceCompile>
  </ItemGroup>
</Project>